
Microsoft Visual Studio Solution File, Format Version 12.00
# Visual Studio Version 17
VisualStudioVersion = 17.5.33516.290
MinimumVisualStudioVersion = 10.0.40219.1
Project("{FAE04EC0-301F-11D3-BF4B-00C04F79EFBC}") = "CLARogueLikeGame", "CLARogueLikeGame.csproj", "{E7C8B4A9-258A-4077-BD59-B90139D72FB1}"
EndProject
Global
	GlobalSection(SolutionConfigurationPlatforms) = preSolution
		Debug|Any CPU = Debug|Any CPU
		Release|Any CPU = Release|Any CPU
	EndGlobalSection
	GlobalSection(ProjectConfigurationPlatforms) = postSolution
		{E7C8B4A9-258A-4077-BD59-B90139D72FB1}.Debug|Any CPU.ActiveCfg = Debug|Any CPU
		{E7C8B4A9-258A-4077-BD59-B90139D72FB1}.Debug|Any CPU.Build.0 = Debug|Any CPU
		{E7C8B4A9-258A-4077-BD59-B90139D72FB1}.Release|Any CPU.ActiveCfg = Release|Any CPU
		{E7C8B4A9-258A-4077-BD59-B90139D72FB1}.Release|Any CPU.Build.0 = Release|Any CPU
	EndGlobalSection
	GlobalSection(SolutionProperties) = preSolution
		HideSolutionNode = FALSE
	EndGlobalSection
	GlobalSection(ExtensibilityGlobals) = postSolution
		SolutionGuid = {C2B55E9E-36B1-417E-B918-BF125070EB7C}
	EndGlobalSection
EndGlobal
